PODS:
  - GoogleMaps (3.3.0):
    - GoogleMaps/Maps (= 3.3.0)
  - GoogleMaps/Base (3.3.0)
  - GoogleMaps/Maps (3.3.0):
    - GoogleMaps/Base
  - R.swift (5.0.3):
    - R.swift.Library (~> 5.0.0)
  - R.swift.Library (5.0.1)
  - ReactiveCocoa (10.0.0):
    - ReactiveSwift (~> 6.0)
  - ReactiveSwift (6.0.0)
  - Sourcery (0.16.2)
  - SwiftLint (0.34.0)

DEPENDENCIES:
  - GoogleMaps (~> 3.3)
  - R.swift (~> 5.0)
  - ReactiveCocoa (~> 10.0)
  - Sourcery (~> 0.16)
  - SwiftLint (~> 0.29)

SPEC REPOS:
  https://github.com/cocoapods/specs.git:
    - GoogleMaps
    - R.swift
    - R.swift.Library
    - ReactiveCocoa
    - ReactiveSwift
    - Sourcery
    - SwiftLint

SPEC CHECKSUMS:
  GoogleMaps: cfee83da305b9aaeccf92c24ac79df11c3003492
  R.swift: f5a87643b91ea569d23d6afb3eee9c743edde239
  R.swift.Library: cfe85d569d9bae6cb262922db130e7c3a7a5fad1
  ReactiveCocoa: 6d4c37ba236f5d9a7a55b2172cd09f19ba85f574
  ReactiveSwift: 24b7ed245617bbfd30ee0c87779b6c64ac1b4518
  Sourcery: 3f406d227efd179773b3c3599ebd1700d1a6013c
  SwiftLint: 79d48a17c6565dc286c37efb8322c7b450f95c67

PODFILE CHECKSUM: 708ad33eddcdd18276b47bd4036c78c8b872ef09

COCOAPODS: 1.7.5
