PODS:
  - GoogleMaps (2.7.0):
    - GoogleMaps/Maps (= 2.7.0)
  - GoogleMaps/Base (2.7.0)
  - GoogleMaps/Maps (2.7.0):
    - GoogleMaps/Base
  - ReactiveCocoa (8.0.2):
    - ReactiveSwift (~> 4.0)
  - ReactiveSwift (4.0.0):
    - Result (~> 4.0)
  - Result (4.0.0)
  - Sourcery (0.15.0)
  - SwiftLint (0.29.2)

DEPENDENCIES:
  - GoogleMaps (~> 2.7)
  - ReactiveCocoa (~> 8.0)
  - Sourcery (~> 0.15)
  - SwiftLint (~> 0.29)

SPEC REPOS:
  https://github.com/cocoapods/specs.git:
    - GoogleMaps
    - ReactiveCocoa
    - ReactiveSwift
    - Result
    - Sourcery
    - SwiftLint

SPEC CHECKSUMS:
  GoogleMaps: f79af95cb24d869457b1f961c93d3ce8b2f3b848
  ReactiveCocoa: fbd26e9ba60e98417ee47433e59465a98ed9da0f
  ReactiveSwift: a2bb9ace428a109e9c0209615645d9d286c8c433
  Result: 7645bb3f50c2ce726dd0ff2fa7b6f42bbe6c3713
  Sourcery: 5895672cae353cdbfa95f3f4aaeb75a664d76f6a
  SwiftLint: 47df60bdea6e7e902b193b6596db8683aafd86a3

PODFILE CHECKSUM: 81089730ba607757ffc41b49892e5f756c85dac2

COCOAPODS: 1.6.0.beta.2
