// !$*UTF8*$!
{
	archiveVersion = 1;
	classes = {
	};
	objectVersion = 51;
	objects = {

/* Begin PBXBuildFile section */
		62000E606F74FADE6610D585 /* Pods_Globe.framework in Frameworks */ = {isa = PBXBuildFile; fileRef = D21379269689CDB99B0A2148 /* Pods_Globe.framework */; };
		D613485621D157A800F4F284 /* ApiKeys.generated.swift in Sources */ = {isa = PBXBuildFile; fileRef = D613485521D157A800F4F284 /* ApiKeys.generated.swift */; };
		D680A85021D3E868007B54D8 /* UIView+Constraint.swift in Sources */ = {isa = PBXBuildFile; fileRef = D680A84F21D3E868007B54D8 /* UIView+Constraint.swift */; };
		D680A85221D3F3AB007B54D8 /* GeoInfoViewController.swift in Sources */ = {isa = PBXBuildFile; fileRef = D680A85121D3F3AB007B54D8 /* GeoInfoViewController.swift */; };
		D680A85421D3F454007B54D8 /* GeoInfoViewModel.swift in Sources */ = {isa = PBXBuildFile; fileRef = D680A85321D3F454007B54D8 /* GeoInfoViewModel.swift */; };
		D680A85721D3FC13007B54D8 /* ReverseGeocoder.swift in Sources */ = {isa = PBXBuildFile; fileRef = D680A85621D3FC13007B54D8 /* ReverseGeocoder.swift */; };
		D680A85B21D3FCEB007B54D8 /* ReverseGeocoderError.swift in Sources */ = {isa = PBXBuildFile; fileRef = D680A85A21D3FCEB007B54D8 /* ReverseGeocoderError.swift */; };
		D680A85D21D3FD9F007B54D8 /* GoogleMapsReverseGeocoder.swift in Sources */ = {isa = PBXBuildFile; fileRef = D680A85C21D3FD9F007B54D8 /* GoogleMapsReverseGeocoder.swift */; };
		D680A86121D404E7007B54D8 /* UIViewController+Embed.swift in Sources */ = {isa = PBXBuildFile; fileRef = D680A86021D404E7007B54D8 /* UIViewController+Embed.swift */; };
		D680A86421D4E33B007B54D8 /* GeoInfoViewController.xib in Resources */ = {isa = PBXBuildFile; fileRef = D680A86321D4E33B007B54D8 /* GeoInfoViewController.xib */; };
		D680A86B21D4E946007B54D8 /* NSObject+ClassName.swift in Sources */ = {isa = PBXBuildFile; fileRef = D680A86A21D4E946007B54D8 /* NSObject+ClassName.swift */; };
		D680A86F21D4F015007B54D8 /* ReverseGeocoderAddress.swift in Sources */ = {isa = PBXBuildFile; fileRef = D680A86E21D4F015007B54D8 /* ReverseGeocoderAddress.swift */; };
		D680A87221D671A1007B54D8 /* ProgressDisplayable.swift in Sources */ = {isa = PBXBuildFile; fileRef = D680A87121D671A1007B54D8 /* ProgressDisplayable.swift */; };
		D680A87421D675E6007B54D8 /* ProgressView.swift in Sources */ = {isa = PBXBuildFile; fileRef = D680A87321D675E6007B54D8 /* ProgressView.swift */; };
		D680A87621D694A6007B54D8 /* MapMarker.swift in Sources */ = {isa = PBXBuildFile; fileRef = D680A87521D694A6007B54D8 /* MapMarker.swift */; };
		D680A87C21D6ADB0007B54D8 /* UIImage+AssetIdentifierTests.swift in Sources */ = {isa = PBXBuildFile; fileRef = D680A87B21D6ADB0007B54D8 /* UIImage+AssetIdentifierTests.swift */; };
		D680A87F21D6EA09007B54D8 /* GeoInfoViewModelTests.swift in Sources */ = {isa = PBXBuildFile; fileRef = D680A87E21D6EA09007B54D8 /* GeoInfoViewModelTests.swift */; };
		D680A88321D6EA6B007B54D8 /* ReverseGeocoderMock.swift in Sources */ = {isa = PBXBuildFile; fileRef = D680A88221D6EA6B007B54D8 /* ReverseGeocoderMock.swift */; };
		D680A88521D7E281007B54D8 /* GeoInfoViewControllerTests.swift in Sources */ = {isa = PBXBuildFile; fileRef = D680A88421D7E281007B54D8 /* GeoInfoViewControllerTests.swift */; };
		D680A88821D7EB28007B54D8 /* ReverseGeocoderAddressTests.swift in Sources */ = {isa = PBXBuildFile; fileRef = D680A88721D7EB28007B54D8 /* ReverseGeocoderAddressTests.swift */; };
		D680A88B21D7EBB2007B54D8 /* Address.json in Resources */ = {isa = PBXBuildFile; fileRef = D680A88921D7EBAD007B54D8 /* Address.json */; };
		D680A88D21D7ED84007B54D8 /* NoAddressResult.json in Resources */ = {isa = PBXBuildFile; fileRef = D680A88C21D7ED84007B54D8 /* NoAddressResult.json */; };
		D69F73172316A54E004771E8 /* R.generated.swift in Sources */ = {isa = PBXBuildFile; fileRef = D69F73162316A54D004771E8 /* R.generated.swift */; };
		D6B3698121D143A4006752C9 /* MapViewController.swift in Sources */ = {isa = PBXBuildFile; fileRef = D6B3697621D143A4006752C9 /* MapViewController.swift */; };
		D6B3698521D143A4006752C9 /* AppDelegate.swift in Sources */ = {isa = PBXBuildFile; fileRef = D6B3697C21D143A4006752C9 /* AppDelegate.swift */; };
		D6B3699C21D14408006752C9 /* Assets.xcassets in Resources */ = {isa = PBXBuildFile; fileRef = D6B3699621D14408006752C9 /* Assets.xcassets */; };
		D6B3699D21D14408006752C9 /* LaunchScreen.storyboard in Resources */ = {isa = PBXBuildFile; fileRef = D6B3699721D14408006752C9 /* LaunchScreen.storyboard */; };
		FDCFCC547849BAA06D91D5CC /* Pods_GlobeTests.framework in Frameworks */ = {isa = PBXBuildFile; fileRef = 9D99373595522CAD20484A84 /* Pods_GlobeTests.framework */; };
/* End PBXBuildFile section */

/* Begin PBXContainerItemProxy section */
		D6B3696721D13F11006752C9 /* PBXContainerItemProxy */ = {
			isa = PBXContainerItemProxy;
			containerPortal = D6B3694A21D13F10006752C9 /* Project object */;
			proxyType = 1;
			remoteGlobalIDString = D6B3695121D13F10006752C9;
			remoteInfo = Globe;
		};
/* End PBXContainerItemProxy section */

/* Begin PBXFileReference section */
		00CEB6B7B9DB6EC6205F6F0D /* Pods-GlobeTests.release.xcconfig */ = {isa = PBXFileReference; includeInIndex = 1; lastKnownFileType = text.xcconfig; name = "Pods-GlobeTests.release.xcconfig"; path = "Target Support Files/Pods-GlobeTests/Pods-GlobeTests.release.xcconfig"; sourceTree = "<group>"; };
		34D93E9B341EEC429E7C8C0E /* Pods-GlobeTests.debug.xcconfig */ = {isa = PBXFileReference; includeInIndex = 1; lastKnownFileType = text.xcconfig; name = "Pods-GlobeTests.debug.xcconfig"; path = "Target Support Files/Pods-GlobeTests/Pods-GlobeTests.debug.xcconfig"; sourceTree = "<group>"; };
		97A9002E19C9E36284631758 /* Pods-Globe.debug.xcconfig */ = {isa = PBXFileReference; includeInIndex = 1; lastKnownFileType = text.xcconfig; name = "Pods-Globe.debug.xcconfig"; path = "Target Support Files/Pods-Globe/Pods-Globe.debug.xcconfig"; sourceTree = "<group>"; };
		9D99373595522CAD20484A84 /* Pods_GlobeTests.framework */ = {isa = PBXFileReference; explicitFileType = wrapper.framework; includeInIndex = 0; path = Pods_GlobeTests.framework; sourceTree = BUILT_PRODUCTS_DIR; };
		D21379269689CDB99B0A2148 /* Pods_Globe.framework */ = {isa = PBXFileReference; explicitFileType = wrapper.framework; includeInIndex = 0; path = Pods_Globe.framework; sourceTree = BUILT_PRODUCTS_DIR; };
		D3E6E99218B34AD9CE41E5C8 /* Pods-Globe.release.xcconfig */ = {isa = PBXFileReference; includeInIndex = 1; lastKnownFileType = text.xcconfig; name = "Pods-Globe.release.xcconfig"; path = "Target Support Files/Pods-Globe/Pods-Globe.release.xcconfig"; sourceTree = "<group>"; };
		D613485521D157A800F4F284 /* ApiKeys.generated.swift */ = {isa = PBXFileReference; fileEncoding = 4; lastKnownFileType = sourcecode.swift; path = ApiKeys.generated.swift; sourceTree = "<group>"; };
		D680A84F21D3E868007B54D8 /* UIView+Constraint.swift */ = {isa = PBXFileReference; lastKnownFileType = sourcecode.swift; path = "UIView+Constraint.swift"; sourceTree = "<group>"; };
		D680A85121D3F3AB007B54D8 /* GeoInfoViewController.swift */ = {isa = PBXFileReference; lastKnownFileType = sourcecode.swift; path = GeoInfoViewController.swift; sourceTree = "<group>"; };
		D680A85321D3F454007B54D8 /* GeoInfoViewModel.swift */ = {isa = PBXFileReference; lastKnownFileType = sourcecode.swift; path = GeoInfoViewModel.swift; sourceTree = "<group>"; };
		D680A85621D3FC13007B54D8 /* ReverseGeocoder.swift */ = {isa = PBXFileReference; lastKnownFileType = sourcecode.swift; path = ReverseGeocoder.swift; sourceTree = "<group>"; };
		D680A85A21D3FCEB007B54D8 /* ReverseGeocoderError.swift */ = {isa = PBXFileReference; lastKnownFileType = sourcecode.swift; path = ReverseGeocoderError.swift; sourceTree = "<group>"; };
		D680A85C21D3FD9F007B54D8 /* GoogleMapsReverseGeocoder.swift */ = {isa = PBXFileReference; lastKnownFileType = sourcecode.swift; path = GoogleMapsReverseGeocoder.swift; sourceTree = "<group>"; };
		D680A86021D404E7007B54D8 /* UIViewController+Embed.swift */ = {isa = PBXFileReference; lastKnownFileType = sourcecode.swift; path = "UIViewController+Embed.swift"; sourceTree = "<group>"; };
		D680A86321D4E33B007B54D8 /* GeoInfoViewController.xib */ = {isa = PBXFileReference; lastKnownFileType = file.xib; path = GeoInfoViewController.xib; sourceTree = "<group>"; };
		D680A86A21D4E946007B54D8 /* NSObject+ClassName.swift */ = {isa = PBXFileReference; lastKnownFileType = sourcecode.swift; path = "NSObject+ClassName.swift"; sourceTree = "<group>"; };
		D680A86E21D4F015007B54D8 /* ReverseGeocoderAddress.swift */ = {isa = PBXFileReference; lastKnownFileType = sourcecode.swift; path = ReverseGeocoderAddress.swift; sourceTree = "<group>"; };
		D680A87121D671A1007B54D8 /* ProgressDisplayable.swift */ = {isa = PBXFileReference; lastKnownFileType = sourcecode.swift; path = ProgressDisplayable.swift; sourceTree = "<group>"; };
		D680A87321D675E6007B54D8 /* ProgressView.swift */ = {isa = PBXFileReference; lastKnownFileType = sourcecode.swift; path = ProgressView.swift; sourceTree = "<group>"; };
		D680A87521D694A6007B54D8 /* MapMarker.swift */ = {isa = PBXFileReference; lastKnownFileType = sourcecode.swift; path = MapMarker.swift; sourceTree = "<group>"; };
		D680A87B21D6ADB0007B54D8 /* UIImage+AssetIdentifierTests.swift */ = {isa = PBXFileReference; lastKnownFileType = sourcecode.swift; path = "UIImage+AssetIdentifierTests.swift"; sourceTree = "<group>"; };
		D680A87E21D6EA09007B54D8 /* GeoInfoViewModelTests.swift */ = {isa = PBXFileReference; lastKnownFileType = sourcecode.swift; path = GeoInfoViewModelTests.swift; sourceTree = "<group>"; };
		D680A88221D6EA6B007B54D8 /* ReverseGeocoderMock.swift */ = {isa = PBXFileReference; lastKnownFileType = sourcecode.swift; path = ReverseGeocoderMock.swift; sourceTree = "<group>"; };
		D680A88421D7E281007B54D8 /* GeoInfoViewControllerTests.swift */ = {isa = PBXFileReference; lastKnownFileType = sourcecode.swift; path = GeoInfoViewControllerTests.swift; sourceTree = "<group>"; };
		D680A88721D7EB28007B54D8 /* ReverseGeocoderAddressTests.swift */ = {isa = PBXFileReference; lastKnownFileType = sourcecode.swift; path = ReverseGeocoderAddressTests.swift; sourceTree = "<group>"; };
		D680A88921D7EBAD007B54D8 /* Address.json */ = {isa = PBXFileReference; lastKnownFileType = text.json; path = Address.json; sourceTree = "<group>"; };
		D680A88C21D7ED84007B54D8 /* NoAddressResult.json */ = {isa = PBXFileReference; lastKnownFileType = text.json; path = NoAddressResult.json; sourceTree = "<group>"; };
		D69F73162316A54D004771E8 /* R.generated.swift */ = {isa = PBXFileReference; fileEncoding = 4; lastKnownFileType = sourcecode.swift; path = R.generated.swift; sourceTree = "<group>"; };
		D6B3695221D13F10006752C9 /* Globe.app */ = {isa = PBXFileReference; explicitFileType = wrapper.application; includeInIndex = 0; path = Globe.app; sourceTree = BUILT_PRODUCTS_DIR; };
		D6B3696621D13F11006752C9 /* GlobeTests.xctest */ = {isa = PBXFileReference; explicitFileType = wrapper.cfbundle; includeInIndex = 0; path = GlobeTests.xctest; sourceTree = BUILT_PRODUCTS_DIR; };
		D6B3697621D143A4006752C9 /* MapViewController.swift */ = {isa = PBXFileReference; fileEncoding = 4; lastKnownFileType = sourcecode.swift; path = MapViewController.swift; sourceTree = "<group>"; };
		D6B3697C21D143A4006752C9 /* AppDelegate.swift */ = {isa = PBXFileReference; fileEncoding = 4; lastKnownFileType = sourcecode.swift; path = AppDelegate.swift; sourceTree = "<group>"; };
		D6B3699021D143BB006752C9 /* Info.plist */ = {isa = PBXFileReference; fileEncoding = 4; lastKnownFileType = text.plist.xml; path = Info.plist; sourceTree = "<group>"; };
		D6B3699621D14408006752C9 /* Assets.xcassets */ = {isa = PBXFileReference; lastKnownFileType = folder.assetcatalog; path = Assets.xcassets; sourceTree = "<group>"; };
		D6B3699821D14408006752C9 /* Base */ = {isa = PBXFileReference; lastKnownFileType = file.storyboard; name = Base; path = Base.lproj/LaunchScreen.storyboard; sourceTree = "<group>"; };
		D6B3699B21D14408006752C9 /* Info.plist */ = {isa = PBXFileReference; fileEncoding = 4; lastKnownFileType = text.plist.xml; path = Info.plist; sourceTree = "<group>"; };
/* End PBXFileReference section */

/* Begin PBXFrameworksBuildPhase section */
		D6B3694F21D13F10006752C9 /* Frameworks */ = {
			isa = PBXFrameworksBuildPhase;
			buildActionMask = 2147483647;
			files = (
				62000E606F74FADE6610D585 /* Pods_Globe.framework in Frameworks */,
			);
			runOnlyForDeploymentPostprocessing = 0;
		};
		D6B3696321D13F11006752C9 /* Frameworks */ = {
			isa = PBXFrameworksBuildPhase;
			buildActionMask = 2147483647;
			files = (
				FDCFCC547849BAA06D91D5CC /* Pods_GlobeTests.framework in Frameworks */,
			);
			runOnlyForDeploymentPostprocessing = 0;
		};
/* End PBXFrameworksBuildPhase section */

/* Begin PBXGroup section */
		1B43EBE8FDA48AABEE19EBAC /* Pods */ = {
			isa = PBXGroup;
			children = (
				97A9002E19C9E36284631758 /* Pods-Globe.debug.xcconfig */,
				D3E6E99218B34AD9CE41E5C8 /* Pods-Globe.release.xcconfig */,
				34D93E9B341EEC429E7C8C0E /* Pods-GlobeTests.debug.xcconfig */,
				00CEB6B7B9DB6EC6205F6F0D /* Pods-GlobeTests.release.xcconfig */,
			);
			path = Pods;
			sourceTree = "<group>";
		};
		320BF2DCE53725F04945DF59 /* Frameworks */ = {
			isa = PBXGroup;
			children = (
				D21379269689CDB99B0A2148 /* Pods_Globe.framework */,
				9D99373595522CAD20484A84 /* Pods_GlobeTests.framework */,
			);
			name = Frameworks;
			sourceTree = "<group>";
		};
		D613485421D157A800F4F284 /* Credentials */ = {
			isa = PBXGroup;
			children = (
				D613485521D157A800F4F284 /* ApiKeys.generated.swift */,
			);
			path = Credentials;
			sourceTree = "<group>";
		};
		D680A84C21D3D8D3007B54D8 /* Scenes */ = {
			isa = PBXGroup;
			children = (
				D680A84D21D3DE71007B54D8 /* MapScene */,
			);
			path = Scenes;
			sourceTree = "<group>";
		};
		D680A84D21D3DE71007B54D8 /* MapScene */ = {
			isa = PBXGroup;
			children = (
				D6B3697621D143A4006752C9 /* MapViewController.swift */,
				D680A87521D694A6007B54D8 /* MapMarker.swift */,
				D680A86221D4E2ED007B54D8 /* GeoInfo */,
			);
			path = MapScene;
			sourceTree = "<group>";
		};
		D680A84E21D3E831007B54D8 /* Extensions */ = {
			isa = PBXGroup;
			children = (
				D680A84F21D3E868007B54D8 /* UIView+Constraint.swift */,
				D680A86021D404E7007B54D8 /* UIViewController+Embed.swift */,
				D680A86A21D4E946007B54D8 /* NSObject+ClassName.swift */,
			);
			path = Extensions;
			sourceTree = "<group>";
		};
		D680A85521D3FC03007B54D8 /* Services */ = {
			isa = PBXGroup;
			children = (
				D680A85921D3FCD7007B54D8 /* ReverseGeocoder */,
			);
			path = Services;
			sourceTree = "<group>";
		};
		D680A85921D3FCD7007B54D8 /* ReverseGeocoder */ = {
			isa = PBXGroup;
			children = (
				D680A85621D3FC13007B54D8 /* ReverseGeocoder.swift */,
				D680A85C21D3FD9F007B54D8 /* GoogleMapsReverseGeocoder.swift */,
				D680A85A21D3FCEB007B54D8 /* ReverseGeocoderError.swift */,
			);
			path = ReverseGeocoder;
			sourceTree = "<group>";
		};
		D680A86221D4E2ED007B54D8 /* GeoInfo */ = {
			isa = PBXGroup;
			children = (
				D680A85121D3F3AB007B54D8 /* GeoInfoViewController.swift */,
				D680A85321D3F454007B54D8 /* GeoInfoViewModel.swift */,
			);
			path = GeoInfo;
			sourceTree = "<group>";
		};
		D680A86D21D4EFFC007B54D8 /* Models */ = {
			isa = PBXGroup;
			children = (
				D680A86E21D4F015007B54D8 /* ReverseGeocoderAddress.swift */,
			);
			path = Models;
			sourceTree = "<group>";
		};
		D680A87021D67190007B54D8 /* Views */ = {
			isa = PBXGroup;
			children = (
				D680A87121D671A1007B54D8 /* ProgressDisplayable.swift */,
				D680A87321D675E6007B54D8 /* ProgressView.swift */,
			);
			path = Views;
			sourceTree = "<group>";
		};
		D680A87721D6A75E007B54D8 /* Assets */ = {
			isa = PBXGroup;
			children = (
			);
			path = Assets;
			sourceTree = "<group>";
		};
		D680A87A21D6AD8C007B54D8 /* Assets */ = {
			isa = PBXGroup;
			children = (
				D680A87B21D6ADB0007B54D8 /* UIImage+AssetIdentifierTests.swift */,
			);
			path = Assets;
			sourceTree = "<group>";
		};
		D680A87D21D6E9F2007B54D8 /* GeoInfo */ = {
			isa = PBXGroup;
			children = (
				D680A87E21D6EA09007B54D8 /* GeoInfoViewModelTests.swift */,
				D680A88421D7E281007B54D8 /* GeoInfoViewControllerTests.swift */,
			);
			path = GeoInfo;
			sourceTree = "<group>";
		};
		D680A88121D6EA39007B54D8 /* Mocks */ = {
			isa = PBXGroup;
			children = (
				D680A88221D6EA6B007B54D8 /* ReverseGeocoderMock.swift */,
			);
			path = Mocks;
			sourceTree = "<group>";
		};
		D680A88621D7E8DD007B54D8 /* Models */ = {
			isa = PBXGroup;
			children = (
				D680A88E21D7ED9E007B54D8 /* ReverseGeocoderAddress */,
			);
			path = Models;
			sourceTree = "<group>";
		};
		D680A88E21D7ED9E007B54D8 /* ReverseGeocoderAddress */ = {
			isa = PBXGroup;
			children = (
				D680A88721D7EB28007B54D8 /* ReverseGeocoderAddressTests.swift */,
				D680A88921D7EBAD007B54D8 /* Address.json */,
				D680A88C21D7ED84007B54D8 /* NoAddressResult.json */,
			);
			path = ReverseGeocoderAddress;
			sourceTree = "<group>";
		};
		D680A88F21D8E0BA007B54D8 /* Xibs */ = {
			isa = PBXGroup;
			children = (
				D680A86321D4E33B007B54D8 /* GeoInfoViewController.xib */,
			);
			path = Xibs;
			sourceTree = "<group>";
		};
		D680A89021D8E0D1007B54D8 /* Storyboards */ = {
			isa = PBXGroup;
			children = (
				D6B3699721D14408006752C9 /* LaunchScreen.storyboard */,
			);
			path = Storyboards;
			sourceTree = "<group>";
		};
		D69F73152316A502004771E8 /* Generated */ = {
			isa = PBXGroup;
			children = (
				D69F73162316A54D004771E8 /* R.generated.swift */,
			);
			path = Generated;
			sourceTree = "<group>";
		};
		D6B3694921D13F10006752C9 = {
			isa = PBXGroup;
			children = (
				D6B3697521D143A4006752C9 /* Sources */,
				D6B3699521D14408006752C9 /* Resources */,
				D6B3698E21D143BB006752C9 /* Tests */,
				D6B3695321D13F10006752C9 /* Products */,
				1B43EBE8FDA48AABEE19EBAC /* Pods */,
				320BF2DCE53725F04945DF59 /* Frameworks */,
			);
			sourceTree = "<group>";
		};
		D6B3695321D13F10006752C9 /* Products */ = {
			isa = PBXGroup;
			children = (
				D6B3695221D13F10006752C9 /* Globe.app */,
				D6B3696621D13F11006752C9 /* GlobeTests.xctest */,
			);
			name = Products;
			sourceTree = "<group>";
		};
		D6B3697521D143A4006752C9 /* Sources */ = {
			isa = PBXGroup;
			children = (
				D69F73152316A502004771E8 /* Generated */,
				D680A87721D6A75E007B54D8 /* Assets */,
				D680A87021D67190007B54D8 /* Views */,
				D680A86D21D4EFFC007B54D8 /* Models */,
				D680A85521D3FC03007B54D8 /* Services */,
				D680A84E21D3E831007B54D8 /* Extensions */,
				D680A84C21D3D8D3007B54D8 /* Scenes */,
				D613485421D157A800F4F284 /* Credentials */,
				D6B3697C21D143A4006752C9 /* AppDelegate.swift */,
			);
			path = Sources;
			sourceTree = "<group>";
		};
		D6B3698E21D143BB006752C9 /* Tests */ = {
			isa = PBXGroup;
			children = (
				D680A88121D6EA39007B54D8 /* Mocks */,
				D680A88621D7E8DD007B54D8 /* Models */,
				D680A87D21D6E9F2007B54D8 /* GeoInfo */,
				D680A87A21D6AD8C007B54D8 /* Assets */,
				D6B3699021D143BB006752C9 /* Info.plist */,
			);
			path = Tests;
			sourceTree = "<group>";
		};
		D6B3699521D14408006752C9 /* Resources */ = {
			isa = PBXGroup;
			children = (
				D680A89021D8E0D1007B54D8 /* Storyboards */,
				D680A88F21D8E0BA007B54D8 /* Xibs */,
				D6B3699621D14408006752C9 /* Assets.xcassets */,
				D6B3699B21D14408006752C9 /* Info.plist */,
			);
			path = Resources;
			sourceTree = "<group>";
		};
/* End PBXGroup section */

/* Begin PBXNativeTarget section */
		D6B3695121D13F10006752C9 /* Globe */ = {
			isa = PBXNativeTarget;
			buildConfigurationList = D6B3696F21D13F11006752C9 /* Build configuration list for PBXNativeTarget "Globe" */;
			buildPhases = (
				908B917BD2EC6C6DD7B3A08F /* [CP] Check Pods Manifest.lock */,
				D613485321D1566F00F4F284 /* Generate ApiKeys Enum */,
				D69F73142316A499004771E8 /* R.swift */,
				D613485721D15A0300F4F284 /* SwiftLint */,
				D6B3694E21D13F10006752C9 /* Sources */,
				D6B3694F21D13F10006752C9 /* Frameworks */,
				D6B3695021D13F10006752C9 /* Resources */,
				88D63066F74F70625CC96109 /* [CP] Embed Pods Frameworks */,
				75825F6E8514D6484640DA11 /* [CP] Copy Pods Resources */,
			);
			buildRules = (
			);
			dependencies = (
			);
			name = Globe;
			productName = Globe;
			productReference = D6B3695221D13F10006752C9 /* Globe.app */;
			productType = "com.apple.product-type.application";
		};
		D6B3696521D13F11006752C9 /* GlobeTests */ = {
			isa = PBXNativeTarget;
			buildConfigurationList = D6B3697221D13F11006752C9 /* Build configuration list for PBXNativeTarget "GlobeTests" */;
			buildPhases = (
				8F2B0DD87C37D572D34E7D99 /* [CP] Check Pods Manifest.lock */,
				D6B3696221D13F11006752C9 /* Sources */,
				D6B3696321D13F11006752C9 /* Frameworks */,
				D6B3696421D13F11006752C9 /* Resources */,
			);
			buildRules = (
			);
			dependencies = (
				D6B3696821D13F11006752C9 /* PBXTargetDependency */,
			);
			name = GlobeTests;
			productName = GlobeTests;
			productReference = D6B3696621D13F11006752C9 /* GlobeTests.xctest */;
			productType = "com.apple.product-type.bundle.unit-test";
		};
/* End PBXNativeTarget section */

/* Begin PBXProject section */
		D6B3694A21D13F10006752C9 /* Project object */ = {
			isa = PBXProject;
			attributes = {
				LastSwiftUpdateCheck = 1010;
				LastUpgradeCheck = 1010;
				ORGANIZATIONNAME = "Wolfgang Kluth";
				TargetAttributes = {
					D6B3695121D13F10006752C9 = {
						CreatedOnToolsVersion = 10.1;
						LastSwiftMigration = 1030;
					};
					D6B3696521D13F11006752C9 = {
						CreatedOnToolsVersion = 10.1;
						LastSwiftMigration = 1030;
						TestTargetID = D6B3695121D13F10006752C9;
					};
				};
			};
			buildConfigurationList = D6B3694D21D13F10006752C9 /* Build configuration list for PBXProject "Globe" */;
			compatibilityVersion = "Xcode 9.3";
			developmentRegion = en;
			hasScannedForEncodings = 0;
			knownRegions = (
				en,
				Base,
			);
			mainGroup = D6B3694921D13F10006752C9;
			productRefGroup = D6B3695321D13F10006752C9 /* Products */;
			projectDirPath = "";
			projectRoot = "";
			targets = (
				D6B3695121D13F10006752C9 /* Globe */,
				D6B3696521D13F11006752C9 /* GlobeTests */,
			);
		};
/* End PBXProject section */

/* Begin PBXResourcesBuildPhase section */
		D6B3695021D13F10006752C9 /* Resources */ = {
			isa = PBXResourcesBuildPhase;
			buildActionMask = 2147483647;
			files = (
				D680A86421D4E33B007B54D8 /* GeoInfoViewController.xib in Resources */,
				D6B3699D21D14408006752C9 /* LaunchScreen.storyboard in Resources */,
				D6B3699C21D14408006752C9 /* Assets.xcassets in Resources */,
			);
			runOnlyForDeploymentPostprocessing = 0;
		};
		D6B3696421D13F11006752C9 /* Resources */ = {
			isa = PBXResourcesBuildPhase;
			buildActionMask = 2147483647;
			files = (
				D680A88D21D7ED84007B54D8 /* NoAddressResult.json in Resources */,
				D680A88B21D7EBB2007B54D8 /* Address.json in Resources */,
			);
			runOnlyForDeploymentPostprocessing = 0;
		};
/* End PBXResourcesBuildPhase section */

/* Begin PBXShellScriptBuildPhase section */
		75825F6E8514D6484640DA11 /* [CP] Copy Pods Resources */ = {
			isa = PBXShellScriptBuildPhase;
			buildActionMask = 2147483647;
			files = (
			);
			inputFileListPaths = (
				"${PODS_ROOT}/Target Support Files/Pods-Globe/Pods-Globe-resources-${CONFIGURATION}-input-files.xcfilelist",
			);
			name = "[CP] Copy Pods Resources";
			outputFileListPaths = (
				"${PODS_ROOT}/Target Support Files/Pods-Globe/Pods-Globe-resources-${CONFIGURATION}-output-files.xcfilelist",
			);
			runOnlyForDeploymentPostprocessing = 0;
			shellPath = /bin/sh;
			shellScript = "\"${PODS_ROOT}/Target Support Files/Pods-Globe/Pods-Globe-resources.sh\"\n";
			showEnvVarsInLog = 0;
		};
		88D63066F74F70625CC96109 /* [CP] Embed Pods Frameworks */ = {
			isa = PBXShellScriptBuildPhase;
			buildActionMask = 2147483647;
			files = (
			);
			inputFileListPaths = (
				"${PODS_ROOT}/Target Support Files/Pods-Globe/Pods-Globe-frameworks-${CONFIGURATION}-input-files.xcfilelist",
			);
			name = "[CP] Embed Pods Frameworks";
			outputFileListPaths = (
				"${PODS_ROOT}/Target Support Files/Pods-Globe/Pods-Globe-frameworks-${CONFIGURATION}-output-files.xcfilelist",
			);
			runOnlyForDeploymentPostprocessing = 0;
			shellPath = /bin/sh;
			shellScript = "\"${PODS_ROOT}/Target Support Files/Pods-Globe/Pods-Globe-frameworks.sh\"\n";
			showEnvVarsInLog = 0;
		};
		8F2B0DD87C37D572D34E7D99 /* [CP] Check Pods Manifest.lock */ = {
			isa = PBXShellScriptBuildPhase;
			buildActionMask = 2147483647;
			files = (
			);
			inputFileListPaths = (
			);
			inputPaths = (
				"${PODS_PODFILE_DIR_PATH}/Podfile.lock",
				"${PODS_ROOT}/Manifest.lock",
			);
			name = "[CP] Check Pods Manifest.lock";
			outputFileListPaths = (
			);
			outputPaths = (
				"$(DERIVED_FILE_DIR)/Pods-GlobeTests-checkManifestLockResult.txt",
			);
			runOnlyForDeploymentPostprocessing = 0;
			shellPath = /bin/sh;
			shellScript = "diff \"${PODS_PODFILE_DIR_PATH}/Podfile.lock\" \"${PODS_ROOT}/Manifest.lock\" > /dev/null\nif [ $? != 0 ] ; then\n    # print error to STDERR\n    echo \"error: The sandbox is not in sync with the Podfile.lock. Run 'pod install' or update your CocoaPods installation.\" >&2\n    exit 1\nfi\n# This output is used by Xcode 'outputs' to avoid re-running this script phase.\necho \"SUCCESS\" > \"${SCRIPT_OUTPUT_FILE_0}\"\n";
			showEnvVarsInLog = 0;
		};
		908B917BD2EC6C6DD7B3A08F /* [CP] Check Pods Manifest.lock */ = {
			isa = PBXShellScriptBuildPhase;
			buildActionMask = 2147483647;
			files = (
			);
			inputFileListPaths = (
			);
			inputPaths = (
				"${PODS_PODFILE_DIR_PATH}/Podfile.lock",
				"${PODS_ROOT}/Manifest.lock",
			);
			name = "[CP] Check Pods Manifest.lock";
			outputFileListPaths = (
			);
			outputPaths = (
				"$(DERIVED_FILE_DIR)/Pods-Globe-checkManifestLockResult.txt",
			);
			runOnlyForDeploymentPostprocessing = 0;
			shellPath = /bin/sh;
			shellScript = "diff \"${PODS_PODFILE_DIR_PATH}/Podfile.lock\" \"${PODS_ROOT}/Manifest.lock\" > /dev/null\nif [ $? != 0 ] ; then\n    # print error to STDERR\n    echo \"error: The sandbox is not in sync with the Podfile.lock. Run 'pod install' or update your CocoaPods installation.\" >&2\n    exit 1\nfi\n# This output is used by Xcode 'outputs' to avoid re-running this script phase.\necho \"SUCCESS\" > \"${SCRIPT_OUTPUT_FILE_0}\"\n";
			showEnvVarsInLog = 0;
		};
		D613485321D1566F00F4F284 /* Generate ApiKeys Enum */ = {
			isa = PBXShellScriptBuildPhase;
			buildActionMask = 2147483647;
			files = (
			);
			inputFileListPaths = (
			);
			inputPaths = (
			);
			name = "Generate ApiKeys Enum";
			outputFileListPaths = (
			);
			outputPaths = (
			);
			runOnlyForDeploymentPostprocessing = 0;
			shellPath = /bin/sh;
			shellScript = "#check if env-vars.sh exists\nif [ -f ./env-vars.sh ]\nthen\nsource ./env-vars.sh\nfi\n#no `else` case needed if the CI works as expected\n./Pods/Sourcery/bin/sourcery --templates ./Templates/ApiKeys.stencil --sources . --output ./Sources/Credentials --args googleMaps=$GOOGLE_MAPS\n";
		};
		D613485721D15A0300F4F284 /* SwiftLint */ = {
			isa = PBXShellScriptBuildPhase;
			buildActionMask = 2147483647;
			files = (
			);
			inputFileListPaths = (
			);
			inputPaths = (
			);
			name = SwiftLint;
			outputFileListPaths = (
			);
			outputPaths = (
			);
			runOnlyForDeploymentPostprocessing = 0;
			shellPath = /bin/sh;
			shellScript = "if [ \"${CONFIGURATION}\" = \"Debug\" ]; then\n\"${PODS_ROOT}/SwiftLint/swiftlint\"\nfi\n";
		};
		D69F73142316A499004771E8 /* R.swift */ = {
			isa = PBXShellScriptBuildPhase;
			buildActionMask = 2147483647;
			files = (
			);
			inputFileListPaths = (
			);
			inputPaths = (
				"$TEMP_DIR/rswift-lastrun",
			);
			name = R.swift;
			outputFileListPaths = (
			);
			outputPaths = (
				$SRCROOT/Sources/Generated/R.generated.swift,
			);
			runOnlyForDeploymentPostprocessing = 0;
			shellPath = /bin/sh;
			shellScript = "\"$PODS_ROOT/R.swift/rswift\" generate \"$SRCROOT/Sources/Generated/R.generated.swift\"\n";
		};
/* End PBXShellScriptBuildPhase section */

/* Begin PBXSourcesBuildPhase section */
		D6B3694E21D13F10006752C9 /* Sources */ = {
			isa = PBXSourcesBuildPhase;
			buildActionMask = 2147483647;
			files = (
				D6B3698521D143A4006752C9 /* AppDelegate.swift in Sources */,
				D613485621D157A800F4F284 /* ApiKeys.generated.swift in Sources */,
				D680A85721D3FC13007B54D8 /* ReverseGeocoder.swift in Sources */,
				D680A85D21D3FD9F007B54D8 /* GoogleMapsReverseGeocoder.swift in Sources */,
				D680A85B21D3FCEB007B54D8 /* ReverseGeocoderError.swift in Sources */,
				D680A87621D694A6007B54D8 /* MapMarker.swift in Sources */,
				D680A85421D3F454007B54D8 /* GeoInfoViewModel.swift in Sources */,
				D69F73172316A54E004771E8 /* R.generated.swift in Sources */,
				D680A86F21D4F015007B54D8 /* ReverseGeocoderAddress.swift in Sources */,
				D680A86B21D4E946007B54D8 /* NSObject+ClassName.swift in Sources */,
				D680A86121D404E7007B54D8 /* UIViewController+Embed.swift in Sources */,
				D680A85221D3F3AB007B54D8 /* GeoInfoViewController.swift in Sources */,
				D680A85021D3E868007B54D8 /* UIView+Constraint.swift in Sources */,
				D680A87421D675E6007B54D8 /* ProgressView.swift in Sources */,
				D680A87221D671A1007B54D8 /* ProgressDisplayable.swift in Sources */,
				D6B3698121D143A4006752C9 /* MapViewController.swift in Sources */,
			);
			runOnlyForDeploymentPostprocessing = 0;
		};
		D6B3696221D13F11006752C9 /* Sources */ = {
			isa = PBXSourcesBuildPhase;
			buildActionMask = 2147483647;
			files = (
				D680A87F21D6EA09007B54D8 /* GeoInfoViewModelTests.swift in Sources */,
				D680A88821D7EB28007B54D8 /* ReverseGeocoderAddressTests.swift in Sources */,
				D680A88521D7E281007B54D8 /* GeoInfoViewControllerTests.swift in Sources */,
				D680A88321D6EA6B007B54D8 /* ReverseGeocoderMock.swift in Sources */,
				D680A87C21D6ADB0007B54D8 /* UIImage+AssetIdentifierTests.swift in Sources */,
			);
			runOnlyForDeploymentPostprocessing = 0;
		};
/* End PBXSourcesBuildPhase section */

/* Begin PBXTargetDependency section */
		D6B3696821D13F11006752C9 /* PBXTargetDependency */ = {
			isa = PBXTargetDependency;
			target = D6B3695121D13F10006752C9 /* Globe */;
			targetProxy = D6B3696721D13F11006752C9 /* PBXContainerItemProxy */;
		};
/* End PBXTargetDependency section */

/* Begin PBXVariantGroup section */
		D6B3699721D14408006752C9 /* LaunchScreen.storyboard */ = {
			isa = PBXVariantGroup;
			children = (
				D6B3699821D14408006752C9 /* Base */,
			);
			name = LaunchScreen.storyboard;
			sourceTree = "<group>";
		};
/* End PBXVariantGroup section */

/* Begin XCBuildConfiguration section */
		D6B3696D21D13F11006752C9 /* Debug */ = {
			isa = XCBuildConfiguration;
			buildSettings = {
				ALWAYS_SEARCH_USER_PATHS = NO;
				CLANG_ANALYZER_NONNULL = YES;
				CLANG_ANALYZER_NUMBER_OBJECT_CONVERSION = YES_AGGRESSIVE;
				CLANG_CXX_LANGUAGE_STANDARD = "gnu++14";
				CLANG_CXX_LIBRARY = "libc++";
				CLANG_ENABLE_MODULES = YES;
				CLANG_ENABLE_OBJC_ARC = YES;
				CLANG_ENABLE_OBJC_WEAK = YES;
				CLANG_WARN_BLOCK_CAPTURE_AUTORELEASING = YES;
				CLANG_WARN_BOOL_CONVERSION = YES;
				CLANG_WARN_COMMA = YES;
				CLANG_WARN_CONSTANT_CONVERSION = YES;
				CLANG_WARN_DEPRECATED_OBJC_IMPLEMENTATIONS = YES;
				CLANG_WARN_DIRECT_OBJC_ISA_USAGE = YES_ERROR;
				CLANG_WARN_DOCUMENTATION_COMMENTS = YES;
				CLANG_WARN_EMPTY_BODY = YES;
				CLANG_WARN_ENUM_CONVERSION = YES;
				CLANG_WARN_INFINITE_RECURSION = YES;
				CLANG_WARN_INT_CONVERSION = YES;
				CLANG_WARN_NON_LITERAL_NULL_CONVERSION = YES;
				CLANG_WARN_OBJC_IMPLICIT_RETAIN_SELF = YES;
				CLANG_WARN_OBJC_LITERAL_CONVERSION = YES;
				CLANG_WARN_OBJC_ROOT_CLASS = YES_ERROR;
				CLANG_WARN_RANGE_LOOP_ANALYSIS = YES;
				CLANG_WARN_STRICT_PROTOTYPES = YES;
				CLANG_WARN_SUSPICIOUS_MOVE = YES;
				CLANG_WARN_UNGUARDED_AVAILABILITY = YES_AGGRESSIVE;
				CLANG_WARN_UNREACHABLE_CODE = YES;
				CLANG_WARN__DUPLICATE_METHOD_MATCH = YES;
				CODE_SIGN_IDENTITY = "iPhone Developer";
				COPY_PHASE_STRIP = NO;
				DEBUG_INFORMATION_FORMAT = dwarf;
				ENABLE_STRICT_OBJC_MSGSEND = YES;
				ENABLE_TESTABILITY = YES;
				GCC_C_LANGUAGE_STANDARD = gnu11;
				GCC_DYNAMIC_NO_PIC = NO;
				GCC_NO_COMMON_BLOCKS = YES;
				GCC_OPTIMIZATION_LEVEL = 0;
				GCC_PREPROCESSOR_DEFINITIONS = (
					"DEBUG=1",
					"$(inherited)",
				);
				GCC_WARN_64_TO_32_BIT_CONVERSION = YES;
				GCC_WARN_ABOUT_RETURN_TYPE = YES_ERROR;
				GCC_WARN_UNDECLARED_SELECTOR = YES;
				GCC_WARN_UNINITIALIZED_AUTOS = YES_AGGRESSIVE;
				GCC_WARN_UNUSED_FUNCTION = YES;
				GCC_WARN_UNUSED_VARIABLE = YES;
				IPHONEOS_DEPLOYMENT_TARGET = 11.0;
				MTL_ENABLE_DEBUG_INFO = INCLUDE_SOURCE;
				MTL_FAST_MATH = YES;
				ONLY_ACTIVE_ARCH = YES;
				SDKROOT = iphoneos;
				SWIFT_ACTIVE_COMPILATION_CONDITIONS = DEBUG;
				SWIFT_OPTIMIZATION_LEVEL = "-Onone";
			};
			name = Debug;
		};
		D6B3696E21D13F11006752C9 /* Release */ = {
			isa = XCBuildConfiguration;
			buildSettings = {
				ALWAYS_SEARCH_USER_PATHS = NO;
				CLANG_ANALYZER_NONNULL = YES;
				CLANG_ANALYZER_NUMBER_OBJECT_CONVERSION = YES_AGGRESSIVE;
				CLANG_CXX_LANGUAGE_STANDARD = "gnu++14";
				CLANG_CXX_LIBRARY = "libc++";
				CLANG_ENABLE_MODULES = YES;
				CLANG_ENABLE_OBJC_ARC = YES;
				CLANG_ENABLE_OBJC_WEAK = YES;
				CLANG_WARN_BLOCK_CAPTURE_AUTORELEASING = YES;
				CLANG_WARN_BOOL_CONVERSION = YES;
				CLANG_WARN_COMMA = YES;
				CLANG_WARN_CONSTANT_CONVERSION = YES;
				CLANG_WARN_DEPRECATED_OBJC_IMPLEMENTATIONS = YES;
				CLANG_WARN_DIRECT_OBJC_ISA_USAGE = YES_ERROR;
				CLANG_WARN_DOCUMENTATION_COMMENTS = YES;
				CLANG_WARN_EMPTY_BODY = YES;
				CLANG_WARN_ENUM_CONVERSION = YES;
				CLANG_WARN_INFINITE_RECURSION = YES;
				CLANG_WARN_INT_CONVERSION = YES;
				CLANG_WARN_NON_LITERAL_NULL_CONVERSION = YES;
				CLANG_WARN_OBJC_IMPLICIT_RETAIN_SELF = YES;
				CLANG_WARN_OBJC_LITERAL_CONVERSION = YES;
				CLANG_WARN_OBJC_ROOT_CLASS = YES_ERROR;
				CLANG_WARN_RANGE_LOOP_ANALYSIS = YES;
				CLANG_WARN_STRICT_PROTOTYPES = YES;
				CLANG_WARN_SUSPICIOUS_MOVE = YES;
				CLANG_WARN_UNGUARDED_AVAILABILITY = YES_AGGRESSIVE;
				CLANG_WARN_UNREACHABLE_CODE = YES;
				CLANG_WARN__DUPLICATE_METHOD_MATCH = YES;
				CODE_SIGN_IDENTITY = "iPhone Developer";
				COPY_PHASE_STRIP = NO;
				DEBUG_INFORMATION_FORMAT = "dwarf-with-dsym";
				ENABLE_NS_ASSERTIONS = NO;
				ENABLE_STRICT_OBJC_MSGSEND = YES;
				GCC_C_LANGUAGE_STANDARD = gnu11;
				GCC_NO_COMMON_BLOCKS = YES;
				GCC_WARN_64_TO_32_BIT_CONVERSION = YES;
				GCC_WARN_ABOUT_RETURN_TYPE = YES_ERROR;
				GCC_WARN_UNDECLARED_SELECTOR = YES;
				GCC_WARN_UNINITIALIZED_AUTOS = YES_AGGRESSIVE;
				GCC_WARN_UNUSED_FUNCTION = YES;
				GCC_WARN_UNUSED_VARIABLE = YES;
				IPHONEOS_DEPLOYMENT_TARGET = 11.0;
				MTL_ENABLE_DEBUG_INFO = NO;
				MTL_FAST_MATH = YES;
				SDKROOT = iphoneos;
				SWIFT_COMPILATION_MODE = wholemodule;
				SWIFT_OPTIMIZATION_LEVEL = "-O";
				VALIDATE_PRODUCT = YES;
			};
			name = Release;
		};
		D6B3697021D13F11006752C9 /* Debug */ = {
			isa = XCBuildConfiguration;
			baseConfigurationReference = 97A9002E19C9E36284631758 /* Pods-Globe.debug.xcconfig */;
			buildSettings = {
				ASSETCATALOG_COMPILER_APPICON_NAME = AppIcon;
				CODE_SIGN_IDENTITY = "iPhone Developer";
				CODE_SIGN_STYLE = Automatic;
				DEVELOPMENT_TEAM = 5NX788AYV4;
				INFOPLIST_FILE = "$(SRCROOT)/Resources/Info.plist";
				LD_RUNPATH_SEARCH_PATHS = (
					"$(inherited)",
					"@executable_path/Frameworks",
				);
				PRODUCT_BUNDLE_IDENTIFIER = com.nerdburgers.Globe;
				PRODUCT_NAME = "$(TARGET_NAME)";
				PROVISIONING_PROFILE_SPECIFIER = "";
				SWIFT_VERSION = 5.0;
				TARGETED_DEVICE_FAMILY = 1;
			};
			name = Debug;
		};
		D6B3697121D13F11006752C9 /* Release */ = {
			isa = XCBuildConfiguration;
			baseConfigurationReference = D3E6E99218B34AD9CE41E5C8 /* Pods-Globe.release.xcconfig */;
			buildSettings = {
				ASSETCATALOG_COMPILER_APPICON_NAME = AppIcon;
				CODE_SIGN_IDENTITY = "iPhone Developer";
				CODE_SIGN_STYLE = Automatic;
				DEVELOPMENT_TEAM = 5NX788AYV4;
				INFOPLIST_FILE = "$(SRCROOT)/Resources/Info.plist";
				LD_RUNPATH_SEARCH_PATHS = (
					"$(inherited)",
					"@executable_path/Frameworks",
				);
				PRODUCT_BUNDLE_IDENTIFIER = com.nerdburgers.Globe;
				PRODUCT_NAME = "$(TARGET_NAME)";
				PROVISIONING_PROFILE_SPECIFIER = "";
				SWIFT_VERSION = 5.0;
				TARGETED_DEVICE_FAMILY = 1;
			};
			name = Release;
		};
		D6B3697321D13F11006752C9 /* Debug */ = {
			isa = XCBuildConfiguration;
			baseConfigurationReference = 34D93E9B341EEC429E7C8C0E /* Pods-GlobeTests.debug.xcconfig */;
			buildSettings = {
				ALWAYS_EMBED_SWIFT_STANDARD_LIBRARIES = YES;
				BUNDLE_LOADER = "$(TEST_HOST)";
				CODE_SIGN_STYLE = Manual;
				DEVELOPMENT_TEAM = "";
				INFOPLIST_FILE = Tests/Info.plist;
				LD_RUNPATH_SEARCH_PATHS = (
					"$(inherited)",
					"@executable_path/Frameworks",
					"@loader_path/Frameworks",
				);
				PRODUCT_BUNDLE_IDENTIFIER = com.nerdburgers.GlobeTests;
				PRODUCT_NAME = "$(TARGET_NAME)";
				PROVISIONING_PROFILE_SPECIFIER = "";
				SWIFT_VERSION = 5.0;
				TARGETED_DEVICE_FAMILY = "1,2";
				TEST_HOST = "$(BUILT_PRODUCTS_DIR)/Globe.app/Globe";
			};
			name = Debug;
		};
		D6B3697421D13F11006752C9 /* Release */ = {
			isa = XCBuildConfiguration;
			baseConfigurationReference = 00CEB6B7B9DB6EC6205F6F0D /* Pods-GlobeTests.release.xcconfig */;
			buildSettings = {
				ALWAYS_EMBED_SWIFT_STANDARD_LIBRARIES = YES;
				BUNDLE_LOADER = "$(TEST_HOST)";
				CODE_SIGN_STYLE = Manual;
				DEVELOPMENT_TEAM = "";
				INFOPLIST_FILE = Tests/Info.plist;
				LD_RUNPATH_SEARCH_PATHS = (
					"$(inherited)",
					"@executable_path/Frameworks",
					"@loader_path/Frameworks",
				);
				PRODUCT_BUNDLE_IDENTIFIER = com.nerdburgers.GlobeTests;
				PRODUCT_NAME = "$(TARGET_NAME)";
				PROVISIONING_PROFILE_SPECIFIER = "";
				SWIFT_VERSION = 5.0;
				TARGETED_DEVICE_FAMILY = "1,2";
				TEST_HOST = "$(BUILT_PRODUCTS_DIR)/Globe.app/Globe";
			};
			name = Release;
		};
/* End XCBuildConfiguration section */

/* Begin XCConfigurationList section */
		D6B3694D21D13F10006752C9 /* Build configuration list for PBXProject "Globe" */ = {
			isa = XCConfigurationList;
			buildConfigurations = (
				D6B3696D21D13F11006752C9 /* Debug */,
				D6B3696E21D13F11006752C9 /* Release */,
			);
			defaultConfigurationIsVisible = 0;
			defaultConfigurationName = Release;
		};
		D6B3696F21D13F11006752C9 /* Build configuration list for PBXNativeTarget "Globe" */ = {
			isa = XCConfigurationList;
			buildConfigurations = (
				D6B3697021D13F11006752C9 /* Debug */,
				D6B3697121D13F11006752C9 /* Release */,
			);
			defaultConfigurationIsVisible = 0;
			defaultConfigurationName = Release;
		};
		D6B3697221D13F11006752C9 /* Build configuration list for PBXNativeTarget "GlobeTests" */ = {
			isa = XCConfigurationList;
			buildConfigurations = (
				D6B3697321D13F11006752C9 /* Debug */,
				D6B3697421D13F11006752C9 /* Release */,
			);
			defaultConfigurationIsVisible = 0;
			defaultConfigurationName = Release;
		};
/* End XCConfigurationList section */
	};
	rootObject = D6B3694A21D13F10006752C9 /* Project object */;
}
